<?xml version="1.0" encoding="utf-8"?>
<Project ToolsVersion="4.0" xmlns="http://schemas.microsoft.com/developer/msbuild/2003">
  <ItemGroup>
    <Filter Include="ヘッダー ファイル">
      <UniqueIdentifier>{93995380-89BD-4b04-88EB-625FBE52EBFB}</UniqueIdentifier>
      <Extensions>h;hh;hpp;hxx;h++;hm;inl;inc;ipp;xsd</Extensions>
    </Filter>
    <Filter Include="リソース ファイル">
      <UniqueIdentifier>{67DA6AB6-F800-4c08-8B7A-83BB121AAD01}</UniqueIdentifier>
      <Extensions>rc;ico;cur;bmp;dlg;rc2;rct;bin;rgs;gif;jpg;jpeg;jpe;resx;tiff;tif;png;wav;mfcribbon-ms</Extensions>
    </Filter>
    <Filter Include="imgui">
      <UniqueIdentifier>{f4d00dc3-dcdb-47ea-b064-e77a583f6e32}</UniqueIdentifier>
    </Filter>
    <Filter Include="ソース ファイル">
      <UniqueIdentifier>{4FC737F1-C7A5-4376-A066-2A32D752A2FF}</UniqueIdentifier>
      <Extensions>cpp;c;cc;cxx;c++;cppm;ixx;def;odl;idl;hpj;bat;asm;asmx</Extensions>
    </Filter>
    <Filter Include="ソース ファイル\Engine">
      <UniqueIdentifier>{443c7598-813c-432a-a7e6-7eead849c148}</UniqueIdentifier>
    </Filter>
    <Filter Include="ヘッダー ファイル\Engine">
      <UniqueIdentifier>{452ee920-cd6c-48e2-aa7f-176d2b7f7785}</UniqueIdentifier>
    </Filter>
    <Filter Include="ソース ファイル\Engine\Base">
      <UniqueIdentifier>{86b32856-49c2-4aab-b4fc-e0518ba787fc}</UniqueIdentifier>
    </Filter>
    <Filter Include="ヘッダー ファイル\Engine\Base">
      <UniqueIdentifier>{073e0d2c-6dba-4d43-a6db-1578e4f9ea9e}</UniqueIdentifier>
    </Filter>
    <Filter Include="ソース ファイル\Project">
      <UniqueIdentifier>{c447ec1b-1b9b-445f-8cf1-f33d091484c6}</UniqueIdentifier>
    </Filter>
    <Filter Include="ヘッダー ファイル\Project">
      <UniqueIdentifier>{ccfab659-bdea-4c64-b7b0-193c0101bc80}</UniqueIdentifier>
    </Filter>
    <Filter Include="ヘッダー ファイル\Project\Game">
      <UniqueIdentifier>{08108243-8583-4048-9e11-db747662d5d0}</UniqueIdentifier>
    </Filter>
    <Filter Include="ソース ファイル\Project\Game">
      <UniqueIdentifier>{300548da-b1d9-4da2-be30-b399d0c5923f}</UniqueIdentifier>
    </Filter>
    <Filter Include="ソース ファイル\Engine\3D">
      <UniqueIdentifier>{86036bee-e1bb-4994-8a23-c0c5f50c9911}</UniqueIdentifier>
    </Filter>
    <Filter Include="ヘッダー ファイル\Engine\3D">
      <UniqueIdentifier>{b9d1ca8d-b5a3-4301-8609-3b1b70a1c1bb}</UniqueIdentifier>
    </Filter>
    <Filter Include="ヘッダー ファイル\Engine\2D">
      <UniqueIdentifier>{0b6e337a-3f0d-4368-946e-191be66eca64}</UniqueIdentifier>
    </Filter>
    <Filter Include="ソース ファイル\Engine\2D">
      <UniqueIdentifier>{954681c8-8c67-414f-8e92-83e4de344201}</UniqueIdentifier>
    </Filter>
    <Filter Include="ヘッダー ファイル\Engine\Components">
      <UniqueIdentifier>{38e2ab26-eae4-4321-8760-ee4ba8dff962}</UniqueIdentifier>
    </Filter>
    <Filter Include="ソース ファイル\Engine\Components">
      <UniqueIdentifier>{80307bda-62f2-4699-a279-53ff28e0a332}</UniqueIdentifier>
    </Filter>
    <Filter Include="ヘッダー ファイル\Engine\Math">
      <UniqueIdentifier>{f7cd772d-6755-45f5-868b-223fb2448e99}</UniqueIdentifier>
    </Filter>
    <Filter Include="ソース ファイル\Engine\Math">
      <UniqueIdentifier>{338c2ad2-9fdd-4124-8096-bea6f4034ea1}</UniqueIdentifier>
    </Filter>
    <Filter Include="Shader">
      <UniqueIdentifier>{3ba02e86-d136-4605-bc0a-5ec7812bc9c1}</UniqueIdentifier>
    </Filter>
  </ItemGroup>
  <ItemGroup>
    <ClCompile Include="main.cpp">
      <Filter>ソース ファイル</Filter>
    </ClCompile>
    <ClCompile Include="Engine\Base\DirectXCommon\DirectXCommon.cpp">
      <Filter>ソース ファイル\Engine\Base</Filter>
    </ClCompile>
    <ClCompile Include="Engine\Base\TextureManager\TextureManager.cpp">
      <Filter>ソース ファイル\Engine\Base</Filter>
    </ClCompile>
    <ClCompile Include="Engine\Base\WinApp\WinApp.cpp">
      <Filter>ソース ファイル\Engine\Base</Filter>
    </ClCompile>
    <ClCompile Include="Engine\2D\Sprite\Sprite.cpp">
      <Filter>ソース ファイル\Engine\2D</Filter>
    </ClCompile>
    <ClCompile Include="Engine\2D\ImGuiManager\ImGuiManager.cpp">
      <Filter>ソース ファイル\Engine\2D</Filter>
    </ClCompile>
    <ClCompile Include="Engine\3D\Model\Material.cpp">
      <Filter>ソース ファイル\Engine\3D</Filter>
    </ClCompile>
    <ClCompile Include="Engine\3D\TransformationMatrix\WorldTransform.cpp">
      <Filter>ソース ファイル\Engine\3D</Filter>
    </ClCompile>
    <ClCompile Include="Engine\3D\TransformationMatrix\ViewProjection.cpp">
      <Filter>ソース ファイル\Engine\3D</Filter>
    </ClCompile>
    <ClCompile Include="Engine\3D\TransformationMatrix\TransformationMatrix.cpp">
      <Filter>ソース ファイル\Engine\3D</Filter>
    </ClCompile>
    <ClCompile Include="Engine\3D\Light\DirectionalLight.cpp">
      <Filter>ソース ファイル\Engine\3D</Filter>
    </ClCompile>
    <ClCompile Include="Engine\3D\Model\Vertex.cpp">
      <Filter>ソース ファイル\Engine\3D</Filter>
    </ClCompile>
    <ClCompile Include="Engine\3D\Model\Model.cpp">
      <Filter>ソース ファイル\Engine\3D</Filter>
    </ClCompile>
    <ClCompile Include="Engine\3D\DebugCamera\DebugCamera.cpp">
      <Filter>ソース ファイル\Engine\3D</Filter>
    </ClCompile>
    <ClCompile Include="Engine\Components\Audio\Audio.cpp">
      <Filter>ソース ファイル\Engine\Components</Filter>
    </ClCompile>
    <ClCompile Include="Engine\Components\Input\Input.cpp">
      <Filter>ソース ファイル\Engine\Components</Filter>
    </ClCompile>
    <ClCompile Include="Engine\Components\PostProcess\PostProcess.cpp">
      <Filter>ソース ファイル\Engine\Components</Filter>
    </ClCompile>
    <ClCompile Include="Engine\Math\MathFunction.cpp">
      <Filter>ソース ファイル\Engine\Math</Filter>
    </ClCompile>
    <ClCompile Include="Engine\Externals\imgui\imgui.cpp">
      <Filter>imgui</Filter>
    </ClCompile>
    <ClCompile Include="Engine\Externals\imgui\imgui_demo.cpp">
      <Filter>imgui</Filter>
    </ClCompile>
    <ClCompile Include="Engine\Externals\imgui\imgui_draw.cpp">
      <Filter>imgui</Filter>
    </ClCompile>
    <ClCompile Include="Engine\Externals\imgui\imgui_impl_dx12.cpp">
      <Filter>imgui</Filter>
    </ClCompile>
    <ClCompile Include="Engine\Externals\imgui\imgui_impl_win32.cpp">
      <Filter>imgui</Filter>
    </ClCompile>
    <ClCompile Include="Engine\Externals\imgui\imgui_tables.cpp">
      <Filter>imgui</Filter>
    </ClCompile>
    <ClCompile Include="Engine\Externals\imgui\imgui_widgets.cpp">
      <Filter>imgui</Filter>
    </ClCompile>
    <ClCompile Include="Engine\2D\GlobalVariables\GlobalVariables.cpp">
      <Filter>ソース ファイル\Engine\2D</Filter>
    </ClCompile>
    <ClCompile Include="Project\Game\GameManager\GameManager.cpp">
      <Filter>ソース ファイル\Project\Game</Filter>
    </ClCompile>
    <ClCompile Include="Project\Game\GameScene\GameScene.cpp">
      <Filter>ソース ファイル\Project\Game</Filter>
    </ClCompile>
    <ClCompile Include="Project\Game\Player\Player.cpp">
      <Filter>ソース ファイル\Project\Game</Filter>
    </ClCompile>
    <ClCompile Include="Project\Game\FollowCamera\FollowCamera.cpp">
      <Filter>ソース ファイル\Project\Game</Filter>
    </ClCompile>
  </ItemGroup>
  <ItemGroup>
    <ClInclude Include="Engine\Base\DirectXCommon\DirectXCommon.h">
      <Filter>ヘッダー ファイル\Engine\Base</Filter>
    </ClInclude>
    <ClInclude Include="Engine\Base\DirectXCommon\D3DResourceLeakChecker.h">
      <Filter>ヘッダー ファイル\Engine\Base</Filter>
    </ClInclude>
    <ClInclude Include="Engine\Base\TextureManager\TextureManager.h">
      <Filter>ヘッダー ファイル\Engine\Base</Filter>
    </ClInclude>
    <ClInclude Include="Engine\Base\WinApp\WinApp.h">
      <Filter>ヘッダー ファイル\Engine\Base</Filter>
    </ClInclude>
    <ClInclude Include="Engine\2D\Sprite\Sprite.h">
      <Filter>ヘッダー ファイル\Engine\2D</Filter>
    </ClInclude>
    <ClInclude Include="Engine\2D\ImGuiManager\ImGuiManager.h">
      <Filter>ヘッダー ファイル\Engine\2D</Filter>
    </ClInclude>
    <ClInclude Include="Engine\3D\Model\Material.h">
      <Filter>ヘッダー ファイル\Engine\3D</Filter>
    </ClInclude>
    <ClInclude Include="Engine\3D\Model\Vertex.h">
      <Filter>ヘッダー ファイル\Engine\3D</Filter>
    </ClInclude>
    <ClInclude Include="Engine\3D\Model\Model.h">
      <Filter>ヘッダー ファイル\Engine\3D</Filter>
    </ClInclude>
    <ClInclude Include="Engine\3D\TransformationMatrix\WorldTransform.h">
      <Filter>ヘッダー ファイル\Engine\3D</Filter>
    </ClInclude>
    <ClInclude Include="Engine\3D\TransformationMatrix\ViewProjection.h">
      <Filter>ヘッダー ファイル\Engine\3D</Filter>
    </ClInclude>
    <ClInclude Include="Engine\3D\TransformationMatrix\TransformationMatrix.h">
      <Filter>ヘッダー ファイル\Engine\3D</Filter>
    </ClInclude>
    <ClInclude Include="Engine\3D\Light\DirectionalLight.h">
      <Filter>ヘッダー ファイル\Engine\3D</Filter>
    </ClInclude>
    <ClInclude Include="Engine\3D\DebugCamera\DebugCamera.h">
      <Filter>ヘッダー ファイル\Engine\3D</Filter>
    </ClInclude>
    <ClInclude Include="Engine\Components\PostProcess\PostProcess.h">
      <Filter>ヘッダー ファイル\Engine\Components</Filter>
    </ClInclude>
    <ClInclude Include="Engine\Components\Input\Input.h">
      <Filter>ヘッダー ファイル\Engine\Components</Filter>
    </ClInclude>
    <ClInclude Include="Engine\Components\Audio\Audio.h">
      <Filter>ヘッダー ファイル\Engine\Components</Filter>
    </ClInclude>
    <ClInclude Include="Engine\Math\MathFunction.h">
      <Filter>ヘッダー ファイル\Engine\Math</Filter>
    </ClInclude>
    <ClInclude Include="Engine\Externals\imgui\imconfig.h">
      <Filter>imgui</Filter>
    </ClInclude>
    <ClInclude Include="Engine\Externals\imgui\imgui.h">
      <Filter>imgui</Filter>
    </ClInclude>
    <ClInclude Include="Engine\Externals\imgui\imgui_impl_dx12.h">
      <Filter>imgui</Filter>
    </ClInclude>
    <ClInclude Include="Engine\Externals\imgui\imgui_impl_win32.h">
      <Filter>imgui</Filter>
    </ClInclude>
    <ClInclude Include="Engine\Externals\imgui\imgui_internal.h">
      <Filter>imgui</Filter>
    </ClInclude>
    <ClInclude Include="Engine\Externals\imgui\imstb_rectpack.h">
      <Filter>imgui</Filter>
    </ClInclude>
    <ClInclude Include="Engine\Externals\imgui\imstb_textedit.h">
      <Filter>imgui</Filter>
    </ClInclude>
    <ClInclude Include="Engine\Externals\imgui\imstb_truetype.h">
      <Filter>imgui</Filter>
    </ClInclude>
    <ClInclude Include="Engine\2D\GlobalVariables\GlobalVariables.h">
      <Filter>ヘッダー ファイル\Engine\2D</Filter>
    </ClInclude>
    <ClInclude Include="Project\Game\GameManager\GameManager.h">
      <Filter>ヘッダー ファイル\Project\Game</Filter>
    </ClInclude>
    <ClInclude Include="Project\Game\GameManager\IScene.h">
      <Filter>ヘッダー ファイル\Project\Game</Filter>
    </ClInclude>
    <ClInclude Include="Project\Game\GameScene\GameScene.h">
      <Filter>ヘッダー ファイル\Project\Game</Filter>
    </ClInclude>
    <ClInclude Include="Project\Game\Player\Player.h">
      <Filter>ヘッダー ファイル\Project\Game</Filter>
    </ClInclude>
    <ClInclude Include="Project\Game\FollowCamera\FollowCamera.h">
      <Filter>ヘッダー ファイル\Project\Game</Filter>
    </ClInclude>
  </ItemGroup>
  <ItemGroup>
    <None Include="Project\Resources\Shader\FinalPass.hlsli">
      <Filter>Shader</Filter>
    </None>
    <None Include="Project\Resources\Shader\HorizontalBlur.hlsli">
      <Filter>Shader</Filter>
    </None>
    <None Include="Project\Resources\Shader\Object3d.hlsli">
      <Filter>Shader</Filter>
    </None>
    <None Include="Project\Resources\Shader\SecondPass.hlsli">
      <Filter>Shader</Filter>
    </None>
    <None Include="Project\Resources\Shader\Sprite.hlsli">
      <Filter>Shader</Filter>
    </None>
    <None Include="Project\Resources\Shader\VerticalBlur.hlsli">
      <Filter>Shader</Filter>
    </None>
  </ItemGroup>
  <ItemGroup>
    <FxCompile Include="Project\Resources\Shader\FinalPassPS.hlsl">
      <Filter>Shader</Filter>
    </FxCompile>
    <FxCompile Include="Project\Resources\Shader\FinalPassVS.hlsl">
      <Filter>Shader</Filter>
    </FxCompile>
    <FxCompile Include="Project\Resources\Shader\HorizontalBlurPS.hlsl">
      <Filter>Shader</Filter>
    </FxCompile>
    <FxCompile Include="Project\Resources\Shader\HorizontalBlurVS.hlsl">
      <Filter>Shader</Filter>
    </FxCompile>
    <FxCompile Include="Project\Resources\Shader\Object3d.PS.hlsl">
      <Filter>Shader</Filter>
    </FxCompile>
    <FxCompile Include="Project\Resources\Shader\Object3d.VS.hlsl">
      <Filter>Shader</Filter>
    </FxCompile>
    <FxCompile Include="Project\Resources\Shader\SecondPassPS.hlsl">
      <Filter>Shader</Filter>
    </FxCompile>
    <FxCompile Include="Project\Resources\Shader\SecondPassVS.hlsl">
      <Filter>Shader</Filter>
    </FxCompile>
    <FxCompile Include="Project\Resources\Shader\SpritePS.hlsl">
      <Filter>Shader</Filter>
    </FxCompile>
    <FxCompile Include="Project\Resources\Shader\SpriteVS.hlsl">
      <Filter>Shader</Filter>
    </FxCompile>
    <FxCompile Include="Project\Resources\Shader\VerticalBlurPS.hlsl">
      <Filter>Shader</Filter>
    </FxCompile>
    <FxCompile Include="Project\Resources\Shader\VerticalBlurVS.hlsl">
      <Filter>Shader</Filter>
    </FxCompile>
  </ItemGroup>
  <ItemGroup>
    <Text Include="Engine\Externals\imgui\LICENSE.txt">
      <Filter>imgui</Filter>
    </Text>
  </ItemGroup>
</Project>